
Microsoft Visual Studio Solution File, Format Version 12.00
# Visual Studio Version 17
VisualStudioVersion = 17.13.35828.75
MinimumVisualStudioVersion = 10.0.40219.1
Project("{FAE04EC0-301F-11D3-BF4B-00C04F79EFBC}") = "VendingMachine.Data", "VendingMachine.Data\VendingMachine.Data.csproj", "{27C66F8D-2082-A1D3-0EEB-2F194D56A36D}"
EndProject
Project("{FAE04EC0-301F-11D3-BF4B-00C04F79EFBC}") = "VendingMachine.ConsoleApp", "VendingMachine.ConsoleApp\VendingMachine.ConsoleApp.csproj", "{C8E3999A-60EE-1E7F-E170-D0E82C31AB7F}"
EndProject
Project("{FAE04EC0-301F-11D3-BF4B-00C04F79EFBC}") = "VendingMachine.Common", "VendingMachine.Common\VendingMachine.Common.csproj", "{3B9F5F6B-A695-D6FB-F54E-9A6759500543}"
EndProject
Project("{FAE04EC0-301F-11D3-BF4B-00C04F79EFBC}") = "VendingMachine.Services", "VendingMachine.Services\VendingMachine.Services.csproj", "{7569BD54-EA3D-452C-AA1E-D2267EBD98E0}"
EndProject
Project("{FAE04EC0-301F-11D3-BF4B-00C04F79EFBC}") = "VendingMachine.Tests", "VendingMachine.Tests\VendingMachine.Tests.csproj", "{A900C0B3-8397-44F3-8523-9CE8756DDDDE}"
EndProject
Global
	GlobalSection(SolutionConfigurationPlatforms) = preSolution
		Debug|Any CPU = Debug|Any CPU
		Release|Any CPU = Release|Any CPU
	EndGlobalSection
	GlobalSection(ProjectConfigurationPlatforms) = postSolution
		{27C66F8D-2082-A1D3-0EEB-2F194D56A36D}.Debug|Any CPU.ActiveCfg = Debug|Any CPU
		{27C66F8D-2082-A1D3-0EEB-2F194D56A36D}.Debug|Any CPU.Build.0 = Debug|Any CPU
		{27C66F8D-2082-A1D3-0EEB-2F194D56A36D}.Release|Any CPU.ActiveCfg = Release|Any CPU
		{27C66F8D-2082-A1D3-0EEB-2F194D56A36D}.Release|Any CPU.Build.0 = Release|Any CPU
		{C8E3999A-60EE-1E7F-E170-D0E82C31AB7F}.Debug|Any CPU.ActiveCfg = Debug|Any CPU
		{C8E3999A-60EE-1E7F-E170-D0E82C31AB7F}.Debug|Any CPU.Build.0 = Debug|Any CPU
		{C8E3999A-60EE-1E7F-E170-D0E82C31AB7F}.Release|Any CPU.ActiveCfg = Release|Any CPU
		{C8E3999A-60EE-1E7F-E170-D0E82C31AB7F}.Release|Any CPU.Build.0 = Release|Any CPU
		{3B9F5F6B-A695-D6FB-F54E-9A6759500543}.Debug|Any CPU.ActiveCfg = Debug|Any CPU
		{3B9F5F6B-A695-D6FB-F54E-9A6759500543}.Debug|Any CPU.Build.0 = Debug|Any CPU
		{3B9F5F6B-A695-D6FB-F54E-9A6759500543}.Release|Any CPU.ActiveCfg = Release|Any CPU
		{3B9F5F6B-A695-D6FB-F54E-9A6759500543}.Release|Any CPU.Build.0 = Release|Any CPU
		{7569BD54-EA3D-452C-AA1E-D2267EBD98E0}.Debug|Any CPU.ActiveCfg = Debug|Any CPU
		{7569BD54-EA3D-452C-AA1E-D2267EBD98E0}.Debug|Any CPU.Build.0 = Debug|Any CPU
		{7569BD54-EA3D-452C-AA1E-D2267EBD98E0}.Release|Any CPU.ActiveCfg = Release|Any CPU
		{7569BD54-EA3D-452C-AA1E-D2267EBD98E0}.Release|Any CPU.Build.0 = Release|Any CPU
		{A900C0B3-8397-44F3-8523-9CE8756DDDDE}.Debug|Any CPU.ActiveCfg = Debug|Any CPU
		{A900C0B3-8397-44F3-8523-9CE8756DDDDE}.Debug|Any CPU.Build.0 = Debug|Any CPU
		{A900C0B3-8397-44F3-8523-9CE8756DDDDE}.Release|Any CPU.ActiveCfg = Release|Any CPU
		{A900C0B3-8397-44F3-8523-9CE8756DDDDE}.Release|Any CPU.Build.0 = Release|Any CPU
	EndGlobalSection
	GlobalSection(SolutionProperties) = preSolution
		HideSolutionNode = FALSE
	EndGlobalSection
	GlobalSection(ExtensibilityGlobals) = postSolution
		SolutionGuid = {2C6C87A6-E4D8-4A90-B0ED-93447FA6636D}
	EndGlobalSection
EndGlobal
